
Microsoft Visual Studio Solution File, Format Version 12.00
# Visual Studio Version 17
VisualStudioVersion = 17.0.31903.59
MinimumVisualStudioVersion = 10.0.40219.1
Project("{2150E333-8FDC-42A3-9474-1A3956D46DE8}") = "src", "src", "{827E0CD3-B72D-47B6-A68D-7590B98EB39B}"
EndProject
Project("{FAE04EC0-301F-11D3-BF4B-00C04F79EFBC}") = "ClipboardManager.Core", "src\ClipboardManager.Core\ClipboardManager.Core.csproj", "{5C5F987A-7DD8-44FE-9E45-6433F85C9BBC}"
EndProject
Project("{2150E333-8FDC-42A3-9474-1A3956D46DE8}") = "tests", "tests", "{0AB3BF05-4346-4AA6-1389-037BE0695223}"
EndProject
Project("{FAE04EC0-301F-11D3-BF4B-00C04F79EFBC}") = "ClipboardManager.Tests", "tests\ClipboardManager.Tests\ClipboardManager.Tests.csproj", "{1BD93135-540A-4BD0-949E-217C33EB8D8D}"
EndProject
Project("{FAE04EC0-301F-11D3-BF4B-00C04F79EFBC}") = "ClipboardManager", "src\ClipboardManager\ClipboardManager.csproj", "{26BE3460-1004-473A-A423-7783940C51FF}"
EndProject
Project("{2150E333-8FDC-42A3-9474-1A3956D46DE8}") = "tools", "tools", "{07C2787E-EAC7-C090-1BA3-A61EC2A24D84}"
EndProject
Project("{FAE04EC0-301F-11D3-BF4B-00C04F79EFBC}") = "AssetGen", "tools\AssetGen\AssetGen.csproj", "{C239E225-8CE9-43CF-B4DF-E8344C106015}"
EndProject
Global
	GlobalSection(SolutionConfigurationPlatforms) = preSolution
		Debug|Any CPU = Debug|Any CPU
		Debug|x64 = Debug|x64
		Debug|x86 = Debug|x86
		Release|Any CPU = Release|Any CPU
		Release|x64 = Release|x64
		Release|x86 = Release|x86
	EndGlobalSection
	GlobalSection(ProjectConfigurationPlatforms) = postSolution
		{5C5F987A-7DD8-44FE-9E45-6433F85C9BBC}.Debug|Any CPU.ActiveCfg = Debug|Any CPU
		{5C5F987A-7DD8-44FE-9E45-6433F85C9BBC}.Debug|Any CPU.Build.0 = Debug|Any CPU
		{5C5F987A-7DD8-44FE-9E45-6433F85C9BBC}.Debug|x64.ActiveCfg = Debug|Any CPU
		{5C5F987A-7DD8-44FE-9E45-6433F85C9BBC}.Debug|x64.Build.0 = Debug|Any CPU
		{5C5F987A-7DD8-44FE-9E45-6433F85C9BBC}.Debug|x86.ActiveCfg = Debug|Any CPU
		{5C5F987A-7DD8-44FE-9E45-6433F85C9BBC}.Debug|x86.Build.0 = Debug|Any CPU
		{5C5F987A-7DD8-44FE-9E45-6433F85C9BBC}.Release|Any CPU.ActiveCfg = Release|Any CPU
		{5C5F987A-7DD8-44FE-9E45-6433F85C9BBC}.Release|Any CPU.Build.0 = Release|Any CPU
		{5C5F987A-7DD8-44FE-9E45-6433F85C9BBC}.Release|x64.ActiveCfg = Release|Any CPU
		{5C5F987A-7DD8-44FE-9E45-6433F85C9BBC}.Release|x64.Build.0 = Release|Any CPU
		{5C5F987A-7DD8-44FE-9E45-6433F85C9BBC}.Release|x86.ActiveCfg = Release|Any CPU
		{5C5F987A-7DD8-44FE-9E45-6433F85C9BBC}.Release|x86.Build.0 = Release|Any CPU
		{1BD93135-540A-4BD0-949E-217C33EB8D8D}.Debug|Any CPU.ActiveCfg = Debug|Any CPU
		{1BD93135-540A-4BD0-949E-217C33EB8D8D}.Debug|Any CPU.Build.0 = Debug|Any CPU
		{1BD93135-540A-4BD0-949E-217C33EB8D8D}.Debug|x64.ActiveCfg = Debug|Any CPU
		{1BD93135-540A-4BD0-949E-217C33EB8D8D}.Debug|x64.Build.0 = Debug|Any CPU
		{1BD93135-540A-4BD0-949E-217C33EB8D8D}.Debug|x86.ActiveCfg = Debug|Any CPU
		{1BD93135-540A-4BD0-949E-217C33EB8D8D}.Debug|x86.Build.0 = Debug|Any CPU
		{1BD93135-540A-4BD0-949E-217C33EB8D8D}.Release|Any CPU.ActiveCfg = Release|Any CPU
		{1BD93135-540A-4BD0-949E-217C33EB8D8D}.Release|Any CPU.Build.0 = Release|Any CPU
		{1BD93135-540A-4BD0-949E-217C33EB8D8D}.Release|x64.ActiveCfg = Release|Any CPU
		{1BD93135-540A-4BD0-949E-217C33EB8D8D}.Release|x64.Build.0 = Release|Any CPU
		{1BD93135-540A-4BD0-949E-217C33EB8D8D}.Release|x86.ActiveCfg = Release|Any CPU
		{1BD93135-540A-4BD0-949E-217C33EB8D8D}.Release|x86.Build.0 = Release|Any CPU
		{26BE3460-1004-473A-A423-7783940C51FF}.Debug|Any CPU.ActiveCfg = Debug|Any CPU
		{26BE3460-1004-473A-A423-7783940C51FF}.Debug|Any CPU.Build.0 = Debug|Any CPU
		{26BE3460-1004-473A-A423-7783940C51FF}.Debug|x64.ActiveCfg = Debug|Any CPU
		{26BE3460-1004-473A-A423-7783940C51FF}.Debug|x64.Build.0 = Debug|Any CPU
		{26BE3460-1004-473A-A423-7783940C51FF}.Debug|x86.ActiveCfg = Debug|Any CPU
		{26BE3460-1004-473A-A423-7783940C51FF}.Debug|x86.Build.0 = Debug|Any CPU
		{26BE3460-1004-473A-A423-7783940C51FF}.Release|Any CPU.ActiveCfg = Release|Any CPU
		{26BE3460-1004-473A-A423-7783940C51FF}.Release|Any CPU.Build.0 = Release|Any CPU
		{26BE3460-1004-473A-A423-7783940C51FF}.Release|x64.ActiveCfg = Release|Any CPU
		{26BE3460-1004-473A-A423-7783940C51FF}.Release|x64.Build.0 = Release|Any CPU
		{26BE3460-1004-473A-A423-7783940C51FF}.Release|x86.ActiveCfg = Release|Any CPU
		{26BE3460-1004-473A-A423-7783940C51FF}.Release|x86.Build.0 = Release|Any CPU
		{C239E225-8CE9-43CF-B4DF-E8344C106015}.Debug|Any CPU.ActiveCfg = Debug|Any CPU
		{C239E225-8CE9-43CF-B4DF-E8344C106015}.Debug|Any CPU.Build.0 = Debug|Any CPU
		{C239E225-8CE9-43CF-B4DF-E8344C106015}.Debug|x64.ActiveCfg = Debug|Any CPU
		{C239E225-8CE9-43CF-B4DF-E8344C106015}.Debug|x64.Build.0 = Debug|Any CPU
		{C239E225-8CE9-43CF-B4DF-E8344C106015}.Debug|x86.ActiveCfg = Debug|Any CPU
		{C239E225-8CE9-43CF-B4DF-E8344C106015}.Debug|x86.Build.0 = Debug|Any CPU
		{C239E225-8CE9-43CF-B4DF-E8344C106015}.Release|Any CPU.ActiveCfg = Release|Any CPU
		{C239E225-8CE9-43CF-B4DF-E8344C106015}.Release|Any CPU.Build.0 = Release|Any CPU
		{C239E225-8CE9-43CF-B4DF-E8344C106015}.Release|x64.ActiveCfg = Release|Any CPU
		{C239E225-8CE9-43CF-B4DF-E8344C106015}.Release|x64.Build.0 = Release|Any CPU
		{C239E225-8CE9-43CF-B4DF-E8344C106015}.Release|x86.ActiveCfg = Release|Any CPU
		{C239E225-8CE9-43CF-B4DF-E8344C106015}.Release|x86.Build.0 = Release|Any CPU
	EndGlobalSection
	GlobalSection(SolutionProperties) = preSolution
		HideSolutionNode = FALSE
	EndGlobalSection
	GlobalSection(NestedProjects) = preSolution
		{5C5F987A-7DD8-44FE-9E45-6433F85C9BBC} = {827E0CD3-B72D-47B6-A68D-7590B98EB39B}
		{1BD93135-540A-4BD0-949E-217C33EB8D8D} = {0AB3BF05-4346-4AA6-1389-037BE0695223}
		{26BE3460-1004-473A-A423-7783940C51FF} = {827E0CD3-B72D-47B6-A68D-7590B98EB39B}
		{C239E225-8CE9-43CF-B4DF-E8344C106015} = {07C2787E-EAC7-C090-1BA3-A61EC2A24D84}
	EndGlobalSection
EndGlobal
