{
  "version": 2,
  "dependencies": {
    "net10.0-windows7.0": {
      "clipboardmanager.core": {
        "type": "Project",
        "dependencies": {
          "Microsoft.Data.Sqlite.Core": "[10.0.12, )",
          "SQLitePCLRaw.core": "[3.0.5, )",
          "SQLitePCLRaw.provider.winsqlite3": "[3.0.5, )"
        }
      },
      "Microsoft.Data.Sqlite.Core": {
        "type": "CentralTransitive",
        "requested": "[10.0.12, )",
        "resolved": "10.0.12",
        "contentHash": "2aL9eL5HQr0V4b8V909SD+jQAx6qnTTl7sT/v3D8dIvmr2UGdpZIQxqm1pj2Js3e4EYTvpw0oMH7DjapJJuPPw==",
        "dependencies": {
          "SQLitePCLRaw.core": "2.1.12"
        }
      },
      "SQLitePCLRaw.core": {
        "type": "CentralTransitive",
        "requested": "[3.0.5, )",
        "resolved": "3.0.5",
        "contentHash": "k81AYXXRCw3Zj8rOhyBoCsx/U97KYDFI2CSKr/ijl5BwpsW/hX/4kBiDmerFaoust8nxBwa0IHQFw8MmSHRtnQ=="
      },
      "SQLitePCLRaw.provider.winsqlite3": {
        "type": "CentralTransitive",
        "requested": "[3.0.5, )",
        "resolved": "3.0.5",
        "contentHash": "V1Z/MmQMA8D0yCRnWEndX5x8TB5bh/W6m2aCgcamOAYEHkBISZApm5dUQh1A/7Z/fyrtr65kln+yh6vo+vKVkQ==",
        "dependencies": {
          "SQLitePCLRaw.core": "3.0.5"
        }
      }
    },
    "net10.0-windows7.0/win-arm64": {},
    "net10.0-windows7.0/win-x64": {}
  }
}